
Microsoft Visual Studio Solution File, Format Version 12.00
# Visual Studio 15
Project("{FAE04EC0-301F-11D3-BF4B-00C04F79EFBC}") = "test", "test.csproj", "{F51A8C0A-EE8E-44B0-9F3F-212DD775610D}"
EndProject
Global
	GlobalSection(SolutionConfigurationPlatforms) = preSolution
		Debug|Any CPU = Debug|Any CPU
		Release|Any CPU = Release|Any CPU
	EndGlobalSection
	GlobalSection(ProjectConfigurationPlatforms) = postSolution
		{F51A8C0A-EE8E-44B0-9F3F-212DD775610D}.Debug|Any CPU.ActiveCfg = Debug|Any CPU
		{F51A8C0A-EE8E-44B0-9F3F-212DD775610D}.Debug|Any CPU.Build.0 = Debug|Any CPU
		{F51A8C0A-EE8E-44B0-9F3F-212DD775610D}.Release|Any CPU.ActiveCfg = Release|Any CPU
		{F51A8C0A-EE8E-44B0-9F3F-212DD775610D}.Release|Any CPU.Build.0 = Release|Any CPU
	EndGlobalSection
EndGlobal
